# THIS IS AN AUTOGENERATED FILE. DO NOT EDIT THIS FILE DIRECTLY.
# yarn lockfile v1


any-promise@^1.0.0:
  version "1.3.0"
  resolved "https://registry.npmjs.org/any-promise/-/any-promise-1.3.0.tgz#abc6afeedcea52e809cdc0376aed3ce39635d17f"

ikoa-utils@^0.0.2:
  version "0.0.2"
  resolved "https://registry.npmjs.org/ikoa-utils/-/ikoa-utils-0.0.2.tgz#0e0640efbb9b763f8c5133e629daf11089bfdc35"

lru-cache@^4.1.1:
  version "4.1.1"
  resolved "https://registry.npmjs.org/lru-cache/-/lru-cache-4.1.1.tgz#622e32e82488b49279114a4f9ecf45e7cd6bba55"
  dependencies:
    pseudomap "^1.0.2"
    yallist "^2.1.2"

mime-db@~1.30.0:
  version "1.30.0"
  resolved "https://registry.npmjs.org/mime-db/-/mime-db-1.30.0.tgz#74c643da2dd9d6a45399963465b26d5ca7d71f01"

mime-types@^2.1.17:
  version "2.1.17"
  resolved "https://registry.npmjs.org/mime-types/-/mime-types-2.1.17.tgz#09d7a393f03e995a79f8af857b70a9e0ab16557a"
  dependencies:
    mime-db "~1.30.0"

mz@^2.7.0:
  version "2.7.0"
  resolved "https://registry.npmjs.org/mz/-/mz-2.7.0.tgz#95008057a56cafadc2bc63dde7f9ff6955948e32"
  dependencies:
    any-promise "^1.0.0"
    object-assign "^4.0.1"
    thenify-all "^1.0.0"

object-assign@^4.0.1:
  version "4.1.1"
  resolved "https://registry.npmjs.org/object-assign/-/object-assign-4.1.1.tgz#2109adc7965887cfc05cbbd442cac8bfbb360863"

pseudomap@^1.0.2:
  version "1.0.2"
  resolved "https://registry.npmjs.org/pseudomap/-/pseudomap-1.0.2.tgz#f052a28da70e618917ef0a8ac34c1ae5a68286b3"

thenify-all@^1.0.0:
  version "1.6.0"
  resolved "https://registry.npmjs.org/thenify-all/-/thenify-all-1.6.0.tgz#1a1918d402d8fc3f98fbf234db0bcc8cc10e9726"
  dependencies:
    thenify ">= 3.1.0 < 4"

"thenify@>= 3.1.0 < 4":
  version "3.3.0"
  resolved "https://registry.npmjs.org/thenify/-/thenify-3.3.0.tgz#e69e38a1babe969b0108207978b9f62b88604839"
  dependencies:
    any-promise "^1.0.0"

yallist@^2.1.2:
  version "2.1.2"
  resolved "https://registry.npmjs.org/yallist/-/yallist-2.1.2.tgz#1c11f9218f076089a47dd512f93c6699a6a81d52"
